
Microsoft Visual Studio Solution File, Format Version 12.00
# Visual Studio Version 17
VisualStudioVersion = 17.14.37216.2
MinimumVisualStudioVersion = 10.0.40219.1
Project("{FAE04EC0-301F-11D3-BF4B-00C04F79EFBC}") = "NureAssistant", "NureAssistant\NureAssistant.csproj", "{815BD843-0D52-4C0C-91F1-FF216FEBF46E}"
EndProject
Project("{FAE04EC0-301F-11D3-BF4B-00C04F79EFBC}") = "DomainEntity", "DomainEntity\DomainEntity.csproj", "{4775AEEF-34FF-46C5-883D-7079B805398C}"
EndProject
Project("{FAE04EC0-301F-11D3-BF4B-00C04F79EFBC}") = "Identity", "Identity\Identity.csproj", "{37E59EF8-E39C-4B5E-AD9D-126D8B444089}"
EndProject
Project("{FAE04EC0-301F-11D3-BF4B-00C04F79EFBC}") = "Infrastructure", "Infrastructure\Infrastructure.csproj", "{720E8CC7-0922-4FD5-A7A0-E0D4DB4203D2}"
EndProject
Project("{FAE04EC0-301F-11D3-BF4B-00C04F79EFBC}") = "Repository", "Repository\Repository.csproj", "{16563B59-DC81-4BFC-861C-E25213D54945}"
EndProject
Project("{FAE04EC0-301F-11D3-BF4B-00C04F79EFBC}") = "AIIntegration", "AIIntegration\AIIntegration.csproj", "{7499C532-1121-42B4-BD84-71282FD0B057}"
EndProject
Project("{FAE04EC0-301F-11D3-BF4B-00C04F79EFBC}") = "Service", "Service\Service.csproj", "{90E1B24B-28E4-4B9C-B70A-8F5E111348A5}"
EndProject
Global
	GlobalSection(SolutionConfigurationPlatforms) = preSolution
		Debug|Any CPU = Debug|Any CPU
		Debug|x64 = Debug|x64
		Debug|x86 = Debug|x86
		Release|Any CPU = Release|Any CPU
		Release|x64 = Release|x64
		Release|x86 = Release|x86
	EndGlobalSection
	GlobalSection(ProjectConfigurationPlatforms) = postSolution
		{815BD843-0D52-4C0C-91F1-FF216FEBF46E}.Debug|Any CPU.ActiveCfg = Debug|Any CPU
		{815BD843-0D52-4C0C-91F1-FF216FEBF46E}.Debug|Any CPU.Build.0 = Debug|Any CPU
		{815BD843-0D52-4C0C-91F1-FF216FEBF46E}.Debug|x64.ActiveCfg = Debug|Any CPU
		{815BD843-0D52-4C0C-91F1-FF216FEBF46E}.Debug|x64.Build.0 = Debug|Any CPU
		{815BD843-0D52-4C0C-91F1-FF216FEBF46E}.Debug|x86.ActiveCfg = Debug|Any CPU
		{815BD843-0D52-4C0C-91F1-FF216FEBF46E}.Debug|x86.Build.0 = Debug|Any CPU
		{815BD843-0D52-4C0C-91F1-FF216FEBF46E}.Release|Any CPU.ActiveCfg = Release|Any CPU
		{815BD843-0D52-4C0C-91F1-FF216FEBF46E}.Release|Any CPU.Build.0 = Release|Any CPU
		{815BD843-0D52-4C0C-91F1-FF216FEBF46E}.Release|x64.ActiveCfg = Release|Any CPU
		{815BD843-0D52-4C0C-91F1-FF216FEBF46E}.Release|x64.Build.0 = Release|Any CPU
		{815BD843-0D52-4C0C-91F1-FF216FEBF46E}.Release|x86.ActiveCfg = Release|Any CPU
		{815BD843-0D52-4C0C-91F1-FF216FEBF46E}.Release|x86.Build.0 = Release|Any CPU
		{4775AEEF-34FF-46C5-883D-7079B805398C}.Debug|Any CPU.ActiveCfg = Debug|Any CPU
		{4775AEEF-34FF-46C5-883D-7079B805398C}.Debug|Any CPU.Build.0 = Debug|Any CPU
		{4775AEEF-34FF-46C5-883D-7079B805398C}.Debug|x64.ActiveCfg = Debug|Any CPU
		{4775AEEF-34FF-46C5-883D-7079B805398C}.Debug|x64.Build.0 = Debug|Any CPU
		{4775AEEF-34FF-46C5-883D-7079B805398C}.Debug|x86.ActiveCfg = Debug|Any CPU
		{4775AEEF-34FF-46C5-883D-7079B805398C}.Debug|x86.Build.0 = Debug|Any CPU
		{4775AEEF-34FF-46C5-883D-7079B805398C}.Release|Any CPU.ActiveCfg = Release|Any CPU
		{4775AEEF-34FF-46C5-883D-7079B805398C}.Release|Any CPU.Build.0 = Release|Any CPU
		{4775AEEF-34FF-46C5-883D-7079B805398C}.Release|x64.ActiveCfg = Release|Any CPU
		{4775AEEF-34FF-46C5-883D-7079B805398C}.Release|x64.Build.0 = Release|Any CPU
		{4775AEEF-34FF-46C5-883D-7079B805398C}.Release|x86.ActiveCfg = Release|Any CPU
		{4775AEEF-34FF-46C5-883D-7079B805398C}.Release|x86.Build.0 = Release|Any CPU
		{37E59EF8-E39C-4B5E-AD9D-126D8B444089}.Debug|Any CPU.ActiveCfg = Debug|Any CPU
		{37E59EF8-E39C-4B5E-AD9D-126D8B444089}.Debug|Any CPU.Build.0 = Debug|Any CPU
		{37E59EF8-E39C-4B5E-AD9D-126D8B444089}.Debug|x64.ActiveCfg = Debug|Any CPU
		{37E59EF8-E39C-4B5E-AD9D-126D8B444089}.Debug|x64.Build.0 = Debug|Any CPU
		{37E59EF8-E39C-4B5E-AD9D-126D8B444089}.Debug|x86.ActiveCfg = Debug|Any CPU
		{37E59EF8-E39C-4B5E-AD9D-126D8B444089}.Debug|x86.Build.0 = Debug|Any CPU
		{37E59EF8-E39C-4B5E-AD9D-126D8B444089}.Release|Any CPU.ActiveCfg = Release|Any CPU
		{37E59EF8-E39C-4B5E-AD9D-126D8B444089}.Release|Any CPU.Build.0 = Release|Any CPU
		{37E59EF8-E39C-4B5E-AD9D-126D8B444089}.Release|x64.ActiveCfg = Release|Any CPU
		{37E59EF8-E39C-4B5E-AD9D-126D8B444089}.Release|x64.Build.0 = Release|Any CPU
		{37E59EF8-E39C-4B5E-AD9D-126D8B444089}.Release|x86.ActiveCfg = Release|Any CPU
		{37E59EF8-E39C-4B5E-AD9D-126D8B444089}.Release|x86.Build.0 = Release|Any CPU
		{720E8CC7-0922-4FD5-A7A0-E0D4DB4203D2}.Debug|Any CPU.ActiveCfg = Debug|Any CPU
		{720E8CC7-0922-4FD5-A7A0-E0D4DB4203D2}.Debug|Any CPU.Build.0 = Debug|Any CPU
		{720E8CC7-0922-4FD5-A7A0-E0D4DB4203D2}.Debug|x64.ActiveCfg = Debug|Any CPU
		{720E8CC7-0922-4FD5-A7A0-E0D4DB4203D2}.Debug|x64.Build.0 = Debug|Any CPU
		{720E8CC7-0922-4FD5-A7A0-E0D4DB4203D2}.Debug|x86.ActiveCfg = Debug|Any CPU
		{720E8CC7-0922-4FD5-A7A0-E0D4DB4203D2}.Debug|x86.Build.0 = Debug|Any CPU
		{720E8CC7-0922-4FD5-A7A0-E0D4DB4203D2}.Release|Any CPU.ActiveCfg = Release|Any CPU
		{720E8CC7-0922-4FD5-A7A0-E0D4DB4203D2}.Release|Any CPU.Build.0 = Release|Any CPU
		{720E8CC7-0922-4FD5-A7A0-E0D4DB4203D2}.Release|x64.ActiveCfg = Release|Any CPU
		{720E8CC7-0922-4FD5-A7A0-E0D4DB4203D2}.Release|x64.Build.0 = Release|Any CPU
		{720E8CC7-0922-4FD5-A7A0-E0D4DB4203D2}.Release|x86.ActiveCfg = Release|Any CPU
		{720E8CC7-0922-4FD5-A7A0-E0D4DB4203D2}.Release|x86.Build.0 = Release|Any CPU
		{16563B59-DC81-4BFC-861C-E25213D54945}.Debug|Any CPU.ActiveCfg = Debug|Any CPU
		{16563B59-DC81-4BFC-861C-E25213D54945}.Debug|Any CPU.Build.0 = Debug|Any CPU
		{16563B59-DC81-4BFC-861C-E25213D54945}.Debug|x64.ActiveCfg = Debug|Any CPU
		{16563B59-DC81-4BFC-861C-E25213D54945}.Debug|x64.Build.0 = Debug|Any CPU
		{16563B59-DC81-4BFC-861C-E25213D54945}.Debug|x86.ActiveCfg = Debug|Any CPU
		{16563B59-DC81-4BFC-861C-E25213D54945}.Debug|x86.Build.0 = Debug|Any CPU
		{16563B59-DC81-4BFC-861C-E25213D54945}.Release|Any CPU.ActiveCfg = Release|Any CPU
		{16563B59-DC81-4BFC-861C-E25213D54945}.Release|Any CPU.Build.0 = Release|Any CPU
		{16563B59-DC81-4BFC-861C-E25213D54945}.Release|x64.ActiveCfg = Release|Any CPU
		{16563B59-DC81-4BFC-861C-E25213D54945}.Release|x64.Build.0 = Release|Any CPU
		{16563B59-DC81-4BFC-861C-E25213D54945}.Release|x86.ActiveCfg = Release|Any CPU
		{16563B59-DC81-4BFC-861C-E25213D54945}.Release|x86.Build.0 = Release|Any CPU
		{7499C532-1121-42B4-BD84-71282FD0B057}.Debug|Any CPU.ActiveCfg = Debug|Any CPU
		{7499C532-1121-42B4-BD84-71282FD0B057}.Debug|Any CPU.Build.0 = Debug|Any CPU
		{7499C532-1121-42B4-BD84-71282FD0B057}.Debug|x64.ActiveCfg = Debug|Any CPU
		{7499C532-1121-42B4-BD84-71282FD0B057}.Debug|x64.Build.0 = Debug|Any CPU
		{7499C532-1121-42B4-BD84-71282FD0B057}.Debug|x86.ActiveCfg = Debug|Any CPU
		{7499C532-1121-42B4-BD84-71282FD0B057}.Debug|x86.Build.0 = Debug|Any CPU
		{7499C532-1121-42B4-BD84-71282FD0B057}.Release|Any CPU.ActiveCfg = Release|Any CPU
		{7499C532-1121-42B4-BD84-71282FD0B057}.Release|Any CPU.Build.0 = Release|Any CPU
		{7499C532-1121-42B4-BD84-71282FD0B057}.Release|x64.ActiveCfg = Release|Any CPU
		{7499C532-1121-42B4-BD84-71282FD0B057}.Release|x64.Build.0 = Release|Any CPU
		{7499C532-1121-42B4-BD84-71282FD0B057}.Release|x86.ActiveCfg = Release|Any CPU
		{7499C532-1121-42B4-BD84-71282FD0B057}.Release|x86.Build.0 = Release|Any CPU
		{90E1B24B-28E4-4B9C-B70A-8F5E111348A5}.Debug|Any CPU.ActiveCfg = Debug|Any CPU
		{90E1B24B-28E4-4B9C-B70A-8F5E111348A5}.Debug|Any CPU.Build.0 = Debug|Any CPU
		{90E1B24B-28E4-4B9C-B70A-8F5E111348A5}.Debug|x64.ActiveCfg = Debug|Any CPU
		{90E1B24B-28E4-4B9C-B70A-8F5E111348A5}.Debug|x64.Build.0 = Debug|Any CPU
		{90E1B24B-28E4-4B9C-B70A-8F5E111348A5}.Debug|x86.ActiveCfg = Debug|Any CPU
		{90E1B24B-28E4-4B9C-B70A-8F5E111348A5}.Debug|x86.Build.0 = Debug|Any CPU
		{90E1B24B-28E4-4B9C-B70A-8F5E111348A5}.Release|Any CPU.ActiveCfg = Release|Any CPU
		{90E1B24B-28E4-4B9C-B70A-8F5E111348A5}.Release|Any CPU.Build.0 = Release|Any CPU
		{90E1B24B-28E4-4B9C-B70A-8F5E111348A5}.Release|x64.ActiveCfg = Release|Any CPU
		{90E1B24B-28E4-4B9C-B70A-8F5E111348A5}.Release|x64.Build.0 = Release|Any CPU
		{90E1B24B-28E4-4B9C-B70A-8F5E111348A5}.Release|x86.ActiveCfg = Release|Any CPU
		{90E1B24B-28E4-4B9C-B70A-8F5E111348A5}.Release|x86.Build.0 = Release|Any CPU
	EndGlobalSection
	GlobalSection(SolutionProperties) = preSolution
		HideSolutionNode = FALSE
	EndGlobalSection
	GlobalSection(ExtensibilityGlobals) = postSolution
		SolutionGuid = {2985B54A-852B-434F-9F59-6FF099BDDAC4}
	EndGlobalSection
EndGlobal
